
Microsoft Visual Studio Solution File, Format Version 12.00
# Visual Studio Version 17
VisualStudioVersion = 17.6.33801.468
MinimumVisualStudioVersion = 10.0.40219.1
Project("{FAE04EC0-301F-11D3-BF4B-00C04F79EFBC}") = "inheritchall", "inheritchall\inheritchall.csproj", "{3F4D7F9B-348F-4FB7-88FC-9955706B7A2F}"
EndProject
Global
	GlobalSection(SolutionConfigurationPlatforms) = preSolution
		Debug|Any CPU = Debug|Any CPU
		Release|Any CPU = Release|Any CPU
	EndGlobalSection
	GlobalSection(ProjectConfigurationPlatforms) = postSolution
		{3F4D7F9B-348F-4FB7-88FC-9955706B7A2F}.Debug|Any CPU.ActiveCfg = Debug|Any CPU
		{3F4D7F9B-348F-4FB7-88FC-9955706B7A2F}.Debug|Any CPU.Build.0 = Debug|Any CPU
		{3F4D7F9B-348F-4FB7-88FC-9955706B7A2F}.Release|Any CPU.ActiveCfg = Release|Any CPU
		{3F4D7F9B-348F-4FB7-88FC-9955706B7A2F}.Release|Any CPU.Build.0 = Release|Any CPU
	EndGlobalSection
	GlobalSection(SolutionProperties) = preSolution
		HideSolutionNode = FALSE
	EndGlobalSection
	GlobalSection(ExtensibilityGlobals) = postSolution
		SolutionGuid = {E4A1F7B4-5049-4982-9309-C59383AF6C49}
	EndGlobalSection
EndGlobal
